
Microsoft Visual Studio Solution File, Format Version 12.00
# Visual Studio Version 17
VisualStudioVersion = 17.3.32825.248
MinimumVisualStudioVersion = 10.0.40219.1
Project("{2150E333-8FDC-42A3-9474-1A3956D46DE8}") = "01 DATA", "01 DATA", "{AE05EDD0-D779-4566-B5A8-C7E5F7F4B6F9}"
EndProject
Project("{2150E333-8FDC-42A3-9474-1A3956D46DE8}") = "02 INFRAESTRUCTURE", "02 INFRAESTRUCTURE", "{7A32094B-D175-4D7A-BCC8-203174A5FB4B}"
EndProject
Project("{2150E333-8FDC-42A3-9474-1A3956D46DE8}") = "03 BUSSINES", "03 BUSSINES", "{9124A62D-BD93-4F15-9B63-C257C5BC2C55}"
EndProject
Project("{2150E333-8FDC-42A3-9474-1A3956D46DE8}") = "04 API", "04 API", "{3FD77766-E608-4935-8F6B-8339739740E5}"
EndProject
Project("{2150E333-8FDC-42A3-9474-1A3956D46DE8}") = "05 WEB", "05 WEB", "{17C5E12F-D931-4963-9770-3782FB1CA8DC}"
EndProject
Project("{FAE04EC0-301F-11D3-BF4B-00C04F79EFBC}") = "MALIOMA.DATA", "MALIOMA.DATA\MALIOMA.DATA.csproj", "{742F4677-57F3-4B62-8060-10546AF6B102}"
EndProject
Project("{FAE04EC0-301F-11D3-BF4B-00C04F79EFBC}") = "MALIOMA.INFRAESTRUCTURE", "MALIOMA.INFRAESTRUCTURE\MALIOMA.INFRAESTRUCTURE.csproj", "{85D29AF8-68D4-463E-A88B-598A8E3929FE}"
EndProject
Project("{FAE04EC0-301F-11D3-BF4B-00C04F79EFBC}") = "MALIOMA.BUSSINES", "MALIOMA.BUSSINES\MALIOMA.BUSSINES.csproj", "{99A82ED8-2B05-4D62-A212-76844124EFF9}"
EndProject
Project("{FAE04EC0-301F-11D3-BF4B-00C04F79EFBC}") = "MALIOMA.API", "MALIOMA.API\MALIOMA.API.csproj", "{A3F40335-3E5C-49B5-AFBB-3279AA101750}"
EndProject
Project("{2150E333-8FDC-42A3-9474-1A3956D46DE8}") = "06 TEST", "06 TEST", "{87E9B628-4F08-4111-B08C-9931FBB76EC9}"
EndProject
Project("{FAE04EC0-301F-11D3-BF4B-00C04F79EFBC}") = "MALIOMA.TEST", "MALIOMA.TEST\MALIOMA.TEST.csproj", "{2666F183-61D6-43A1-8E92-83930BDB9AE3}"
EndProject
Global
	GlobalSection(SolutionConfigurationPlatforms) = preSolution
		Debug|Any CPU = Debug|Any CPU
		Release|Any CPU = Release|Any CPU
	EndGlobalSection
	GlobalSection(ProjectConfigurationPlatforms) = postSolution
		{742F4677-57F3-4B62-8060-10546AF6B102}.Debug|Any CPU.ActiveCfg = Debug|Any CPU
		{742F4677-57F3-4B62-8060-10546AF6B102}.Debug|Any CPU.Build.0 = Debug|Any CPU
		{742F4677-57F3-4B62-8060-10546AF6B102}.Release|Any CPU.ActiveCfg = Release|Any CPU
		{742F4677-57F3-4B62-8060-10546AF6B102}.Release|Any CPU.Build.0 = Release|Any CPU
		{85D29AF8-68D4-463E-A88B-598A8E3929FE}.Debug|Any CPU.ActiveCfg = Debug|Any CPU
		{85D29AF8-68D4-463E-A88B-598A8E3929FE}.Debug|Any CPU.Build.0 = Debug|Any CPU
		{85D29AF8-68D4-463E-A88B-598A8E3929FE}.Release|Any CPU.ActiveCfg = Release|Any CPU
		{85D29AF8-68D4-463E-A88B-598A8E3929FE}.Release|Any CPU.Build.0 = Release|Any CPU
		{99A82ED8-2B05-4D62-A212-76844124EFF9}.Debug|Any CPU.ActiveCfg = Debug|Any CPU
		{99A82ED8-2B05-4D62-A212-76844124EFF9}.Debug|Any CPU.Build.0 = Debug|Any CPU
		{99A82ED8-2B05-4D62-A212-76844124EFF9}.Release|Any CPU.ActiveCfg = Release|Any CPU
		{99A82ED8-2B05-4D62-A212-76844124EFF9}.Release|Any CPU.Build.0 = Release|Any CPU
		{A3F40335-3E5C-49B5-AFBB-3279AA101750}.Debug|Any CPU.ActiveCfg = Debug|Any CPU
		{A3F40335-3E5C-49B5-AFBB-3279AA101750}.Debug|Any CPU.Build.0 = Debug|Any CPU
		{A3F40335-3E5C-49B5-AFBB-3279AA101750}.Release|Any CPU.ActiveCfg = Release|Any CPU
		{A3F40335-3E5C-49B5-AFBB-3279AA101750}.Release|Any CPU.Build.0 = Release|Any CPU
		{2666F183-61D6-43A1-8E92-83930BDB9AE3}.Debug|Any CPU.ActiveCfg = Debug|Any CPU
		{2666F183-61D6-43A1-8E92-83930BDB9AE3}.Debug|Any CPU.Build.0 = Debug|Any CPU
		{2666F183-61D6-43A1-8E92-83930BDB9AE3}.Release|Any CPU.ActiveCfg = Release|Any CPU
		{2666F183-61D6-43A1-8E92-83930BDB9AE3}.Release|Any CPU.Build.0 = Release|Any CPU
	EndGlobalSection
	GlobalSection(SolutionProperties) = preSolution
		HideSolutionNode = FALSE
	EndGlobalSection
	GlobalSection(NestedProjects) = preSolution
		{742F4677-57F3-4B62-8060-10546AF6B102} = {AE05EDD0-D779-4566-B5A8-C7E5F7F4B6F9}
		{85D29AF8-68D4-463E-A88B-598A8E3929FE} = {7A32094B-D175-4D7A-BCC8-203174A5FB4B}
		{99A82ED8-2B05-4D62-A212-76844124EFF9} = {9124A62D-BD93-4F15-9B63-C257C5BC2C55}
		{A3F40335-3E5C-49B5-AFBB-3279AA101750} = {3FD77766-E608-4935-8F6B-8339739740E5}
		{2666F183-61D6-43A1-8E92-83930BDB9AE3} = {87E9B628-4F08-4111-B08C-9931FBB76EC9}
	EndGlobalSection
	GlobalSection(ExtensibilityGlobals) = postSolution
		SolutionGuid = {386174F6-905D-43D2-9E62-5B8C2056ED47}
	EndGlobalSection
EndGlobal
